
Microsoft Visual Studio Solution File, Format Version 12.00
# Visual Studio Version 17
VisualStudioVersion = 17.13.35931.197
MinimumVisualStudioVersion = 10.0.40219.1
Project("{FAE04EC0-301F-11D3-BF4B-00C04F79EFBC}") = "HJP-API-Client.NET", "HJP-API-Client.NET\HJP-API-Client.NET.csproj", "{3323C9E7-E7F6-4F52-BD5C-04FEEA0C22C2}"
EndProject
Project("{FAE04EC0-301F-11D3-BF4B-00C04F79EFBC}") = "HJP-Shared", "Libs\HJP-Shared\HJP-Shared\HJP-Shared.csproj", "{9DC75370-5D98-F093-433C-E5F865985670}"
EndProject
Project("{FAE04EC0-301F-11D3-BF4B-00C04F79EFBC}") = "HJP-API-ClientTester", "HJP-API-ClientTester\HJP-API-ClientTester.csproj", "{578E3874-60C3-4307-9E79-A0548D6439EB}"
EndProject
Global
	GlobalSection(SolutionConfigurationPlatforms) = preSolution
		Debug|Any CPU = Debug|Any CPU
		Release|Any CPU = Release|Any CPU
	EndGlobalSection
	GlobalSection(ProjectConfigurationPlatforms) = postSolution
		{3323C9E7-E7F6-4F52-BD5C-04FEEA0C22C2}.Debug|Any CPU.ActiveCfg = Debug|Any CPU
		{3323C9E7-E7F6-4F52-BD5C-04FEEA0C22C2}.Debug|Any CPU.Build.0 = Debug|Any CPU
		{3323C9E7-E7F6-4F52-BD5C-04FEEA0C22C2}.Release|Any CPU.ActiveCfg = Release|Any CPU
		{3323C9E7-E7F6-4F52-BD5C-04FEEA0C22C2}.Release|Any CPU.Build.0 = Release|Any CPU
		{9DC75370-5D98-F093-433C-E5F865985670}.Debug|Any CPU.ActiveCfg = Debug|Any CPU
		{9DC75370-5D98-F093-433C-E5F865985670}.Debug|Any CPU.Build.0 = Debug|Any CPU
		{9DC75370-5D98-F093-433C-E5F865985670}.Release|Any CPU.ActiveCfg = Release|Any CPU
		{9DC75370-5D98-F093-433C-E5F865985670}.Release|Any CPU.Build.0 = Release|Any CPU
		{578E3874-60C3-4307-9E79-A0548D6439EB}.Debug|Any CPU.ActiveCfg = Debug|Any CPU
		{578E3874-60C3-4307-9E79-A0548D6439EB}.Debug|Any CPU.Build.0 = Debug|Any CPU
		{578E3874-60C3-4307-9E79-A0548D6439EB}.Release|Any CPU.ActiveCfg = Release|Any CPU
		{578E3874-60C3-4307-9E79-A0548D6439EB}.Release|Any CPU.Build.0 = Release|Any CPU
	EndGlobalSection
	GlobalSection(SolutionProperties) = preSolution
		HideSolutionNode = FALSE
	EndGlobalSection
	GlobalSection(ExtensibilityGlobals) = postSolution
		SolutionGuid = {80865DFF-215C-45A9-9E7C-8C218F46971F}
	EndGlobalSection
EndGlobal
